
Microsoft Visual Studio Solution File, Format Version 12.00
# Visual Studio Version 16
VisualStudioVersion = 16.0.34301.259
MinimumVisualStudioVersion = 10.0.40219.1
Project("{FAE04EC0-301F-11D3-BF4B-00C04F79EFBC}") = "Conference", "Conference.csproj", "{2C848A35-B815-4A8E-B15E-DC10F39E1847}"
EndProject
Global
	GlobalSection(SolutionConfigurationPlatforms) = preSolution
		Debug|Any CPU = Debug|Any CPU
		Release|Any CPU = Release|Any CPU
	EndGlobalSection
	GlobalSection(ProjectConfigurationPlatforms) = postSolution
		{2C848A35-B815-4A8E-B15E-DC10F39E1847}.Debug|Any CPU.ActiveCfg = Debug|Any CPU
		{2C848A35-B815-4A8E-B15E-DC10F39E1847}.Debug|Any CPU.Build.0 = Debug|Any CPU
		{2C848A35-B815-4A8E-B15E-DC10F39E1847}.Release|Any CPU.ActiveCfg = Release|Any CPU
		{2C848A35-B815-4A8E-B15E-DC10F39E1847}.Release|Any CPU.Build.0 = Release|Any CPU
	EndGlobalSection
	GlobalSection(SolutionProperties) = preSolution
		HideSolutionNode = FALSE
	EndGlobalSection
	GlobalSection(ExtensibilityGlobals) = postSolution
		SolutionGuid = {817D1AB7-6B91-4326-B0B5-48E5733BEB72}
	EndGlobalSection
EndGlobal
